
Microsoft Visual Studio Solution File, Format Version 12.00
# Visual Studio Version 16
VisualStudioVersion = 16.0.29418.71
MinimumVisualStudioVersion = 10.0.40219.1
Project("{9A19103F-16F7-4668-BE54-9A1E7A4F7556}") = "DataFeed.Geography.FeedMonitor", "DataFeed.Geography.FeedMonitor\DataFeed.Geography.FeedMonitor.csproj", "{0FC214F4-23D5-490C-AAFB-048C65D1F78C}"
EndProject
Project("{9A19103F-16F7-4668-BE54-9A1E7A4F7556}") = "DataFeed.Geography.WebApi", "DataFeed.Geography.WebApi\DataFeed.Geography.WebApi.csproj", "{3D070B84-A9C5-41EA-8DEB-AA787D218C7B}"
EndProject
Project("{9A19103F-16F7-4668-BE54-9A1E7A4F7556}") = "DataFeed.Finance.WebApi", "DataFeed.Finance.WebApi\DataFeed.Finance.WebApi.csproj", "{1AEE10FA-4250-4C1E-ADD3-743E330690EA}"
EndProject
Project("{2150E333-8FDC-42A3-9474-1A3956D46DE8}") = "Framework", "Framework", "{2E445707-B77C-42BB-89F1-6EB9DE437A24}"
EndProject
Project("{9A19103F-16F7-4668-BE54-9A1E7A4F7556}") = "DataFeed.Framework.Repository", "DataFeed.Framework.Repository\DataFeed.Framework.Repository.csproj", "{1C47681D-6D09-4F07-9AC8-F2E1080E3561}"
EndProject
Project("{9A19103F-16F7-4668-BE54-9A1E7A4F7556}") = "DataFeed.Framework.Service", "DataFeed.Framework.Service\DataFeed.Framework.Service.csproj", "{300AA0AB-CBC4-4E5F-BA60-87351B5A5175}"
EndProject
Project("{9A19103F-16F7-4668-BE54-9A1E7A4F7556}") = "DataFeed.Framework.Enums", "DataFeed.Framework.Enums\DataFeed.Framework.Enums.csproj", "{922668F2-C835-49F0-BFC0-1EEE7AD16286}"
EndProject
Project("{9A19103F-16F7-4668-BE54-9A1E7A4F7556}") = "DataFeed.Finance.FeedMonitor", "DataFeed.Finance.FeedMonitor\DataFeed.Finance.FeedMonitor.csproj", "{66CC9FE6-470D-4336-A7CD-A7D026039770}"
EndProject
Project("{9A19103F-16F7-4668-BE54-9A1E7A4F7556}") = "DataFeed.ManageWeb", "DataFeed.ManageWeb\DataFeed.ManageWeb.csproj", "{E0C19037-9B9F-40C0-86AE-61ED64271797}"
EndProject
Project("{9A19103F-16F7-4668-BE54-9A1E7A4F7556}") = "DataFeed.Framework.Utils", "DataFeed.Framework.Utils\DataFeed.Framework.Utils.csproj", "{7073C0ED-381B-428C-B610-7708CDB8030E}"
EndProject
Project("{9A19103F-16F7-4668-BE54-9A1E7A4F7556}") = "DataFeed.Framework.Model", "DataFeed.Framework.Model\DataFeed.Framework.Model.csproj", "{E55F0087-F308-4A21-822C-36D9374D035A}"
EndProject
Global
	GlobalSection(SolutionConfigurationPlatforms) = preSolution
		Debug|Any CPU = Debug|Any CPU
		Release|Any CPU = Release|Any CPU
	EndGlobalSection
	GlobalSection(ProjectConfigurationPlatforms) = postSolution
		{0FC214F4-23D5-490C-AAFB-048C65D1F78C}.Debug|Any CPU.ActiveCfg = Debug|Any CPU
		{0FC214F4-23D5-490C-AAFB-048C65D1F78C}.Debug|Any CPU.Build.0 = Debug|Any CPU
		{0FC214F4-23D5-490C-AAFB-048C65D1F78C}.Release|Any CPU.ActiveCfg = Release|Any CPU
		{0FC214F4-23D5-490C-AAFB-048C65D1F78C}.Release|Any CPU.Build.0 = Release|Any CPU
		{3D070B84-A9C5-41EA-8DEB-AA787D218C7B}.Debug|Any CPU.ActiveCfg = Debug|Any CPU
		{3D070B84-A9C5-41EA-8DEB-AA787D218C7B}.Debug|Any CPU.Build.0 = Debug|Any CPU
		{3D070B84-A9C5-41EA-8DEB-AA787D218C7B}.Release|Any CPU.ActiveCfg = Release|Any CPU
		{3D070B84-A9C5-41EA-8DEB-AA787D218C7B}.Release|Any CPU.Build.0 = Release|Any CPU
		{1AEE10FA-4250-4C1E-ADD3-743E330690EA}.Debug|Any CPU.ActiveCfg = Debug|Any CPU
		{1AEE10FA-4250-4C1E-ADD3-743E330690EA}.Debug|Any CPU.Build.0 = Debug|Any CPU
		{1AEE10FA-4250-4C1E-ADD3-743E330690EA}.Release|Any CPU.ActiveCfg = Release|Any CPU
		{1AEE10FA-4250-4C1E-ADD3-743E330690EA}.Release|Any CPU.Build.0 = Release|Any CPU
		{1C47681D-6D09-4F07-9AC8-F2E1080E3561}.Debug|Any CPU.ActiveCfg = Debug|Any CPU
		{1C47681D-6D09-4F07-9AC8-F2E1080E3561}.Debug|Any CPU.Build.0 = Debug|Any CPU
		{1C47681D-6D09-4F07-9AC8-F2E1080E3561}.Release|Any CPU.ActiveCfg = Release|Any CPU
		{1C47681D-6D09-4F07-9AC8-F2E1080E3561}.Release|Any CPU.Build.0 = Release|Any CPU
		{300AA0AB-CBC4-4E5F-BA60-87351B5A5175}.Debug|Any CPU.ActiveCfg = Debug|Any CPU
		{300AA0AB-CBC4-4E5F-BA60-87351B5A5175}.Debug|Any CPU.Build.0 = Debug|Any CPU
		{300AA0AB-CBC4-4E5F-BA60-87351B5A5175}.Release|Any CPU.ActiveCfg = Release|Any CPU
		{300AA0AB-CBC4-4E5F-BA60-87351B5A5175}.Release|Any CPU.Build.0 = Release|Any CPU
		{922668F2-C835-49F0-BFC0-1EEE7AD16286}.Debug|Any CPU.ActiveCfg = Debug|Any CPU
		{922668F2-C835-49F0-BFC0-1EEE7AD16286}.Debug|Any CPU.Build.0 = Debug|Any CPU
		{922668F2-C835-49F0-BFC0-1EEE7AD16286}.Release|Any CPU.ActiveCfg = Release|Any CPU
		{922668F2-C835-49F0-BFC0-1EEE7AD16286}.Release|Any CPU.Build.0 = Release|Any CPU
		{66CC9FE6-470D-4336-A7CD-A7D026039770}.Debug|Any CPU.ActiveCfg = Debug|Any CPU
		{66CC9FE6-470D-4336-A7CD-A7D026039770}.Debug|Any CPU.Build.0 = Debug|Any CPU
		{66CC9FE6-470D-4336-A7CD-A7D026039770}.Release|Any CPU.ActiveCfg = Release|Any CPU
		{66CC9FE6-470D-4336-A7CD-A7D026039770}.Release|Any CPU.Build.0 = Release|Any CPU
		{E0C19037-9B9F-40C0-86AE-61ED64271797}.Debug|Any CPU.ActiveCfg = Debug|Any CPU
		{E0C19037-9B9F-40C0-86AE-61ED64271797}.Debug|Any CPU.Build.0 = Debug|Any CPU
		{E0C19037-9B9F-40C0-86AE-61ED64271797}.Release|Any CPU.ActiveCfg = Release|Any CPU
		{E0C19037-9B9F-40C0-86AE-61ED64271797}.Release|Any CPU.Build.0 = Release|Any CPU
		{7073C0ED-381B-428C-B610-7708CDB8030E}.Debug|Any CPU.ActiveCfg = Debug|Any CPU
		{7073C0ED-381B-428C-B610-7708CDB8030E}.Debug|Any CPU.Build.0 = Debug|Any CPU
		{7073C0ED-381B-428C-B610-7708CDB8030E}.Release|Any CPU.ActiveCfg = Release|Any CPU
		{7073C0ED-381B-428C-B610-7708CDB8030E}.Release|Any CPU.Build.0 = Release|Any CPU
		{E55F0087-F308-4A21-822C-36D9374D035A}.Debug|Any CPU.ActiveCfg = Debug|Any CPU
		{E55F0087-F308-4A21-822C-36D9374D035A}.Debug|Any CPU.Build.0 = Debug|Any CPU
		{E55F0087-F308-4A21-822C-36D9374D035A}.Release|Any CPU.ActiveCfg = Release|Any CPU
		{E55F0087-F308-4A21-822C-36D9374D035A}.Release|Any CPU.Build.0 = Release|Any CPU
	EndGlobalSection
	GlobalSection(SolutionProperties) = preSolution
		HideSolutionNode = FALSE
	EndGlobalSection
	GlobalSection(NestedProjects) = preSolution
		{1C47681D-6D09-4F07-9AC8-F2E1080E3561} = {2E445707-B77C-42BB-89F1-6EB9DE437A24}
		{300AA0AB-CBC4-4E5F-BA60-87351B5A5175} = {2E445707-B77C-42BB-89F1-6EB9DE437A24}
		{922668F2-C835-49F0-BFC0-1EEE7AD16286} = {2E445707-B77C-42BB-89F1-6EB9DE437A24}
		{7073C0ED-381B-428C-B610-7708CDB8030E} = {2E445707-B77C-42BB-89F1-6EB9DE437A24}
		{E55F0087-F308-4A21-822C-36D9374D035A} = {2E445707-B77C-42BB-89F1-6EB9DE437A24}
	EndGlobalSection
	GlobalSection(ExtensibilityGlobals) = postSolution
		SolutionGuid = {269A0436-CD9C-410B-899E-4F952E65B2C5}
	EndGlobalSection
EndGlobal
